
Microsoft Visual Studio Solution File, Format Version 12.00
# Visual Studio Version 17
VisualStudioVersion = 17.14.36221.1
MinimumVisualStudioVersion = 10.0.40219.1
Project("{FAE04EC0-301F-11D3-BF4B-00C04F79EFBC}") = "NomadIndustriesWeb", "NomadIndustriesWeb.csproj", "{16ADF1DC-223C-4BE7-A4A0-22DFD929E854}"
EndProject
Global
	GlobalSection(SolutionConfigurationPlatforms) = preSolution
		Debug|Any CPU = Debug|Any CPU
		Release|Any CPU = Release|Any CPU
	EndGlobalSection
	GlobalSection(ProjectConfigurationPlatforms) = postSolution
		{16ADF1DC-223C-4BE7-A4A0-22DFD929E854}.Debug|Any CPU.ActiveCfg = Debug|Any CPU
		{16ADF1DC-223C-4BE7-A4A0-22DFD929E854}.Debug|Any CPU.Build.0 = Debug|Any CPU
		{16ADF1DC-223C-4BE7-A4A0-22DFD929E854}.Release|Any CPU.ActiveCfg = Release|Any CPU
		{16ADF1DC-223C-4BE7-A4A0-22DFD929E854}.Release|Any CPU.Build.0 = Release|Any CPU
	EndGlobalSection
	GlobalSection(SolutionProperties) = preSolution
		HideSolutionNode = FALSE
	EndGlobalSection
	GlobalSection(ExtensibilityGlobals) = postSolution
		SolutionGuid = {CC831FD2-7D24-4E88-9E7F-330D127BE3A7}
	EndGlobalSection
EndGlobal
